
Microsoft Visual Studio Solution File, Format Version 12.00
# Visual Studio Version 17
VisualStudioVersion = 17.6.33829.357
MinimumVisualStudioVersion = 10.0.40219.1
Project("{FAE04EC0-301F-11D3-BF4B-00C04F79EFBC}") = "Ders8_Random_DogruSayiyi_Bul", "Ders8_Random_DogruSayiyi_Bul\Ders8_Random_DogruSayiyi_Bul.csproj", "{3042A72F-ED87-4D15-9987-DE4774F5B284}"
EndProject
Global
	GlobalSection(SolutionConfigurationPlatforms) = preSolution
		Debug|Any CPU = Debug|Any CPU
		Release|Any CPU = Release|Any CPU
	EndGlobalSection
	GlobalSection(ProjectConfigurationPlatforms) = postSolution
		{3042A72F-ED87-4D15-9987-DE4774F5B284}.Debug|Any CPU.ActiveCfg = Debug|Any CPU
		{3042A72F-ED87-4D15-9987-DE4774F5B284}.Debug|Any CPU.Build.0 = Debug|Any CPU
		{3042A72F-ED87-4D15-9987-DE4774F5B284}.Release|Any CPU.ActiveCfg = Release|Any CPU
		{3042A72F-ED87-4D15-9987-DE4774F5B284}.Release|Any CPU.Build.0 = Release|Any CPU
	EndGlobalSection
	GlobalSection(SolutionProperties) = preSolution
		HideSolutionNode = FALSE
	EndGlobalSection
	GlobalSection(ExtensibilityGlobals) = postSolution
		SolutionGuid = {96D8B679-C6B1-4595-948D-4E749598FE93}
	EndGlobalSection
EndGlobal
